
Microsoft Visual Studio Solution File, Format Version 12.00
# Visual Studio 15
VisualStudioVersion = 15.0.28307.106
MinimumVisualStudioVersion = 10.0.40219.1
Project("{FAE04EC0-301F-11D3-BF4B-00C04F79EFBC}") = "WebApplication1", "WebApplication1\WebApplication1.csproj", "{D28F59DF-0B51-490C-9C74-76AF093E970B}"
EndProject
Global
	GlobalSection(SolutionConfigurationPlatforms) = preSolution
		Debug|Any CPU = Debug|Any CPU
		Release|Any CPU = Release|Any CPU
	EndGlobalSection
	GlobalSection(ProjectConfigurationPlatforms) = postSolution
		{D28F59DF-0B51-490C-9C74-76AF093E970B}.Debug|Any CPU.ActiveCfg = Debug|Any CPU
		{D28F59DF-0B51-490C-9C74-76AF093E970B}.Debug|Any CPU.Build.0 = Debug|Any CPU
		{D28F59DF-0B51-490C-9C74-76AF093E970B}.Release|Any CPU.ActiveCfg = Release|Any CPU
		{D28F59DF-0B51-490C-9C74-76AF093E970B}.Release|Any CPU.Build.0 = Release|Any CPU
	EndGlobalSection
	GlobalSection(SolutionProperties) = preSolution
		HideSolutionNode = FALSE
	EndGlobalSection
	GlobalSection(ExtensibilityGlobals) = postSolution
		SolutionGuid = {D869BA74-AB3A-4351-8543-E8CEA2FE7496}
	EndGlobalSection
EndGlobal
